
Microsoft Visual Studio Solution File, Format Version 12.00
# Visual Studio Version 17
VisualStudioVersion = 17.9.34622.214
MinimumVisualStudioVersion = 10.0.40219.1
Project("{9A19103F-16F7-4668-BE54-9A1E7A4F7556}") = "Privacy_Web_App", "WebApplication15\Privacy_Web_App.csproj", "{BD72E4C4-C958-48E9-ACAB-2F2B95404482}"
EndProject
Global
	GlobalSection(SolutionConfigurationPlatforms) = preSolution
		Debug|Any CPU = Debug|Any CPU
		Release|Any CPU = Release|Any CPU
	EndGlobalSection
	GlobalSection(ProjectConfigurationPlatforms) = postSolution
		{BD72E4C4-C958-48E9-ACAB-2F2B95404482}.Debug|Any CPU.ActiveCfg = Debug|Any CPU
		{BD72E4C4-C958-48E9-ACAB-2F2B95404482}.Debug|Any CPU.Build.0 = Debug|Any CPU
		{BD72E4C4-C958-48E9-ACAB-2F2B95404482}.Release|Any CPU.ActiveCfg = Release|Any CPU
		{BD72E4C4-C958-48E9-ACAB-2F2B95404482}.Release|Any CPU.Build.0 = Release|Any CPU
	EndGlobalSection
	GlobalSection(SolutionProperties) = preSolution
		HideSolutionNode = FALSE
	EndGlobalSection
	GlobalSection(ExtensibilityGlobals) = postSolution
		SolutionGuid = {FA63EAF9-2CE6-41AE-9BFF-E1401CF13A7F}
	EndGlobalSection
EndGlobal
